{
  "name": "master-schedule",
  "version": "1.0.0",
  "lockfileVersion": 3,
  "requires": true,
  "packages": {
    "": {
      "name": "master-schedule",
      "version": "1.0.0",
      "dependencies": {
        "master-schedule": "file:"
      }
    },
    "node_modules/master-schedule": {
      "resolved": "",
      "link": true
    }
  }
}
